
Microsoft Visual Studio Solution File, Format Version 12.00
# Visual Studio 15
VisualStudioVersion = 15.0.27703.2042
MinimumVisualStudioVersion = 10.0.40219.1
Project("{FAE04EC0-301F-11D3-BF4B-00C04F79EFBC}") = "lottery tool", "lottery tool\lottery tool.csproj", "{3C2D0E7C-B95F-4376-8E78-68D262FD97DD}"
EndProject
Global
	GlobalSection(SolutionConfigurationPlatforms) = preSolution
		Debug|Any CPU = Debug|Any CPU
		Release|Any CPU = Release|Any CPU
	EndGlobalSection
	GlobalSection(ProjectConfigurationPlatforms) = postSolution
		{3C2D0E7C-B95F-4376-8E78-68D262FD97DD}.Debug|Any CPU.ActiveCfg = Debug|Any CPU
		{3C2D0E7C-B95F-4376-8E78-68D262FD97DD}.Debug|Any CPU.Build.0 = Debug|Any CPU
		{3C2D0E7C-B95F-4376-8E78-68D262FD97DD}.Release|Any CPU.ActiveCfg = Release|Any CPU
		{3C2D0E7C-B95F-4376-8E78-68D262FD97DD}.Release|Any CPU.Build.0 = Release|Any CPU
	EndGlobalSection
	GlobalSection(SolutionProperties) = preSolution
		HideSolutionNode = FALSE
	EndGlobalSection
	GlobalSection(ExtensibilityGlobals) = postSolution
		SolutionGuid = {AE8F8E7B-C338-4A48-AAE4-EA21BC0891E6}
	EndGlobalSection
EndGlobal
